
Microsoft Visual Studio Solution File, Format Version 12.00
# Visual Studio 15
VisualStudioVersion = 15.0.27130.2027
MinimumVisualStudioVersion = 10.0.40219.1
Project("{FAE04EC0-301F-11D3-BF4B-00C04F79EFBC}") = "HelloWorldApp", "HelloWorldApp\HelloWorldApp.csproj", "{B19E0CBD-94B6-4F1B-B26F-B80EE0B2A643}"
EndProject
Global
	GlobalSection(SolutionConfigurationPlatforms) = preSolution
		Debug|Any CPU = Debug|Any CPU
		Release|Any CPU = Release|Any CPU
	EndGlobalSection
	GlobalSection(ProjectConfigurationPlatforms) = postSolution
		{B19E0CBD-94B6-4F1B-B26F-B80EE0B2A643}.Debug|Any CPU.ActiveCfg = Debug|Any CPU
		{B19E0CBD-94B6-4F1B-B26F-B80EE0B2A643}.Debug|Any CPU.Build.0 = Debug|Any CPU
		{B19E0CBD-94B6-4F1B-B26F-B80EE0B2A643}.Release|Any CPU.ActiveCfg = Release|Any CPU
		{B19E0CBD-94B6-4F1B-B26F-B80EE0B2A643}.Release|Any CPU.Build.0 = Release|Any CPU
	EndGlobalSection
	GlobalSection(SolutionProperties) = preSolution
		HideSolutionNode = FALSE
	EndGlobalSection
	GlobalSection(ExtensibilityGlobals) = postSolution
		SolutionGuid = {19717F58-4A85-4A03-8817-49661D7A0B51}
	EndGlobalSection
EndGlobal
